
Microsoft Visual Studio Solution File, Format Version 12.00
# Visual Studio Version 17
VisualStudioVersion = 17.5.33516.290
MinimumVisualStudioVersion = 10.0.40219.1
Project("{FAE04EC0-301F-11D3-BF4B-00C04F79EFBC}") = "RemoveDuplicatesFromSortedArray", "RemoveDuplicatesFromSortedArray.csproj", "{B699EF07-31BC-47D6-B912-3AFF4E05B091}"
EndProject
Global
	GlobalSection(SolutionConfigurationPlatforms) = preSolution
		Debug|Any CPU = Debug|Any CPU
		Release|Any CPU = Release|Any CPU
	EndGlobalSection
	GlobalSection(ProjectConfigurationPlatforms) = postSolution
		{B699EF07-31BC-47D6-B912-3AFF4E05B091}.Debug|Any CPU.ActiveCfg = Debug|Any CPU
		{B699EF07-31BC-47D6-B912-3AFF4E05B091}.Debug|Any CPU.Build.0 = Debug|Any CPU
		{B699EF07-31BC-47D6-B912-3AFF4E05B091}.Release|Any CPU.ActiveCfg = Release|Any CPU
		{B699EF07-31BC-47D6-B912-3AFF4E05B091}.Release|Any CPU.Build.0 = Release|Any CPU
	EndGlobalSection
	GlobalSection(SolutionProperties) = preSolution
		HideSolutionNode = FALSE
	EndGlobalSection
	GlobalSection(ExtensibilityGlobals) = postSolution
		SolutionGuid = {F82C213E-CF89-483A-8C45-1112B790C61C}
	EndGlobalSection
EndGlobal
