
Microsoft Visual Studio Solution File, Format Version 12.00
# Visual Studio Version 17
VisualStudioVersion = 17.5.33516.290
MinimumVisualStudioVersion = 10.0.40219.1
Project("{FAE04EC0-301F-11D3-BF4B-00C04F79EFBC}") = "SearchInsertPosition", "SearchInsertPosition.csproj", "{42647052-44F5-4EA0-A98B-8EAF483A6A7A}"
EndProject
Global
	GlobalSection(SolutionConfigurationPlatforms) = preSolution
		Debug|Any CPU = Debug|Any CPU
		Release|Any CPU = Release|Any CPU
	EndGlobalSection
	GlobalSection(ProjectConfigurationPlatforms) = postSolution
		{42647052-44F5-4EA0-A98B-8EAF483A6A7A}.Debug|Any CPU.ActiveCfg = Debug|Any CPU
		{42647052-44F5-4EA0-A98B-8EAF483A6A7A}.Debug|Any CPU.Build.0 = Debug|Any CPU
		{42647052-44F5-4EA0-A98B-8EAF483A6A7A}.Release|Any CPU.ActiveCfg = Release|Any CPU
		{42647052-44F5-4EA0-A98B-8EAF483A6A7A}.Release|Any CPU.Build.0 = Release|Any CPU
	EndGlobalSection
	GlobalSection(SolutionProperties) = preSolution
		HideSolutionNode = FALSE
	EndGlobalSection
	GlobalSection(ExtensibilityGlobals) = postSolution
		SolutionGuid = {D75278A8-013E-4460-8607-734C0DEFCD4F}
	EndGlobalSection
EndGlobal
