
Microsoft Visual Studio Solution File, Format Version 12.00
# Visual Studio Version 17
VisualStudioVersion = 17.5.33516.290
MinimumVisualStudioVersion = 10.0.40219.1
Project("{FAE04EC0-301F-11D3-BF4B-00C04F79EFBC}") = "RemoveElement", "RemoveElement.csproj", "{0E78C935-D429-49F0-8FDE-CC882564E591}"
EndProject
Global
	GlobalSection(SolutionConfigurationPlatforms) = preSolution
		Debug|Any CPU = Debug|Any CPU
		Release|Any CPU = Release|Any CPU
	EndGlobalSection
	GlobalSection(ProjectConfigurationPlatforms) = postSolution
		{0E78C935-D429-49F0-8FDE-CC882564E591}.Debug|Any CPU.ActiveCfg = Debug|Any CPU
		{0E78C935-D429-49F0-8FDE-CC882564E591}.Debug|Any CPU.Build.0 = Debug|Any CPU
		{0E78C935-D429-49F0-8FDE-CC882564E591}.Release|Any CPU.ActiveCfg = Release|Any CPU
		{0E78C935-D429-49F0-8FDE-CC882564E591}.Release|Any CPU.Build.0 = Release|Any CPU
	EndGlobalSection
	GlobalSection(SolutionProperties) = preSolution
		HideSolutionNode = FALSE
	EndGlobalSection
	GlobalSection(ExtensibilityGlobals) = postSolution
		SolutionGuid = {07817784-67A8-4894-A876-7834B93D1255}
	EndGlobalSection
EndGlobal
