
Microsoft Visual Studio Solution File, Format Version 12.00
# Visual Studio Version 17
VisualStudioVersion = 17.5.33516.290
MinimumVisualStudioVersion = 10.0.40219.1
Project("{FAE04EC0-301F-11D3-BF4B-00C04F79EFBC}") = "LongestCommonPrefix", "LongestCommonPrefix.csproj", "{842CA518-4C28-4C09-BD26-8DE4C8990617}"
EndProject
Global
	GlobalSection(SolutionConfigurationPlatforms) = preSolution
		Debug|Any CPU = Debug|Any CPU
		Release|Any CPU = Release|Any CPU
	EndGlobalSection
	GlobalSection(ProjectConfigurationPlatforms) = postSolution
		{842CA518-4C28-4C09-BD26-8DE4C8990617}.Debug|Any CPU.ActiveCfg = Debug|Any CPU
		{842CA518-4C28-4C09-BD26-8DE4C8990617}.Debug|Any CPU.Build.0 = Debug|Any CPU
		{842CA518-4C28-4C09-BD26-8DE4C8990617}.Release|Any CPU.ActiveCfg = Release|Any CPU
		{842CA518-4C28-4C09-BD26-8DE4C8990617}.Release|Any CPU.Build.0 = Release|Any CPU
	EndGlobalSection
	GlobalSection(SolutionProperties) = preSolution
		HideSolutionNode = FALSE
	EndGlobalSection
	GlobalSection(ExtensibilityGlobals) = postSolution
		SolutionGuid = {BF05A348-2404-4F51-8AD6-E37005F6E9EE}
	EndGlobalSection
EndGlobal
